{
    "_readme": [
        "This file locks the dependencies of your project to a known state",
        "Read more about it at https://getcomposer.org/doc/01-basic-usage.md#installing-dependencies",
        "This file is @generated automatically"
    ],
    "content-hash": "0d9dbaea5bca77249c057b0d6a24c772",
    "packages": [
        {
            "name": "lincanbin/php-pdo-mysql-class",
            "version": "dev-master",
            "source": {
                "type": "git",
                "url": "https://github.com/lincanbin/PHP-PDO-MySQL-Class.git",
                "reference": "a6a1afcb7ac0722090cf284a6f0cad7d8eeac6ee"
            },
            "dist": {
                "type": "zip",
                "url": "https://api.github.com/repos/lincanbin/PHP-PDO-MySQL-Class/zipball/a6a1afcb7ac0722090cf284a6f0cad7d8eeac6ee",
                "reference": "a6a1afcb7ac0722090cf284a6f0cad7d8eeac6ee",
                "shasum": ""
            },
            "require": {
                "ext-pdo": "*",
                "ext-pdo_mysql": "*",
                "php": ">=5.3.6"
            },
            "type": "library",
            "autoload": {
                "files": [
                    "src/PDO.class.php"
                ]
            },
            "notification-url": "https://packagist.org/downloads/",
            "license": [
                "Apache-2.0"
            ],
            "authors": [
                {
                    "name": "lincanbin",
                    "email": "lincanbin@hotmail.com"
                }
            ],
            "description": "A PHP MySQL PDO class similar to the the Python MySQLdb, which supports iterator and parameter binding when using 'WHERE IN' statement.",
            "keywords": [
                "database",
                "iterator",
                "mysql",
                "pdo"
            ],
            "time": "2019-07-02T12:01:00+00:00"
        }
    ],
    "packages-dev": [],
    "aliases": [],
    "minimum-stability": "dev",
    "stability-flags": {
        "lincanbin/php-pdo-mysql-class": 20
    },
    "prefer-stable": false,
    "prefer-lowest": false,
    "platform": {
        "php": ">=5.6.0"
    },
    "platform-dev": []
}
